
Microsoft Visual Studio Solution File, Format Version 12.00
# Visual Studio Version 17
VisualStudioVersion = 17.12.35707.178
MinimumVisualStudioVersion = 10.0.40219.1
Project("{FAE04EC0-301F-11D3-BF4B-00C04F79EFBC}") = "services-host", "services-host\services-host.csproj", "{EF0DC8DC-579E-498F-8B63-BB5EAF341780}"
EndProject
Project("{FAE04EC0-301F-11D3-BF4B-00C04F79EFBC}") = "auth-service", "auth-service\auth-service.csproj", "{215FBABE-F61A-4820-8839-C859075E623A}"
EndProject
Project("{FAE04EC0-301F-11D3-BF4B-00C04F79EFBC}") = "gateway-service", "gateway-service\gateway-service.csproj", "{98252FDA-B2CD-4CEC-8825-EF8C7E3E0E23}"
EndProject
Global
	GlobalSection(SolutionConfigurationPlatforms) = preSolution
		Debug|Any CPU = Debug|Any CPU
		Release|Any CPU = Release|Any CPU
	EndGlobalSection
	GlobalSection(ProjectConfigurationPlatforms) = postSolution
		{EF0DC8DC-579E-498F-8B63-BB5EAF341780}.Debug|Any CPU.ActiveCfg = Debug|Any CPU
		{EF0DC8DC-579E-498F-8B63-BB5EAF341780}.Debug|Any CPU.Build.0 = Debug|Any CPU
		{EF0DC8DC-579E-498F-8B63-BB5EAF341780}.Release|Any CPU.ActiveCfg = Release|Any CPU
		{EF0DC8DC-579E-498F-8B63-BB5EAF341780}.Release|Any CPU.Build.0 = Release|Any CPU
		{215FBABE-F61A-4820-8839-C859075E623A}.Debug|Any CPU.ActiveCfg = Debug|Any CPU
		{215FBABE-F61A-4820-8839-C859075E623A}.Debug|Any CPU.Build.0 = Debug|Any CPU
		{215FBABE-F61A-4820-8839-C859075E623A}.Release|Any CPU.ActiveCfg = Release|Any CPU
		{215FBABE-F61A-4820-8839-C859075E623A}.Release|Any CPU.Build.0 = Release|Any CPU
		{98252FDA-B2CD-4CEC-8825-EF8C7E3E0E23}.Debug|Any CPU.ActiveCfg = Debug|Any CPU
		{98252FDA-B2CD-4CEC-8825-EF8C7E3E0E23}.Debug|Any CPU.Build.0 = Debug|Any CPU
		{98252FDA-B2CD-4CEC-8825-EF8C7E3E0E23}.Release|Any CPU.ActiveCfg = Release|Any CPU
		{98252FDA-B2CD-4CEC-8825-EF8C7E3E0E23}.Release|Any CPU.Build.0 = Release|Any CPU
	EndGlobalSection
	GlobalSection(SolutionProperties) = preSolution
		HideSolutionNode = FALSE
	EndGlobalSection
EndGlobal
